# This file is automatically @generated by Cargo.
# It is not intended for manual editing.
version = 4

[[package]]
name = "bitflags"
version = "2.10.0"
source = "registry+https://github.com/rust-lang/crates.io-index"
checksum = "812e12b5285cc515a9c72a5c1d3b6d46a19dac5acfef5265968c166106e31dd3"

[[package]]
name = "cfg-if"
version = "1.0.4"
source = "registry+https://github.com/rust-lang/crates.io-index"
checksum = "9330f8b2ff13f34540b44e946ef35111825727b38d33286ef986142615121801"

[[package]]
name = "cfg_aliases"
version = "0.2.1"
source = "registry+https://github.com/rust-lang/crates.io-index"
checksum = "613afe47fcd5fac7ccf1db93babcb082c5994d996f20b8b159f2ad1658eb5724"

[[package]]
name = "eyre"
version = "0.6.12"
source = "registry+https://github.com/rust-lang/crates.io-index"
checksum = "7cd915d99f24784cdc19fd37ef22b97e3ff0ae756c7e492e9fbfe897d61e2aec"
dependencies = [
 "indenter",
 "once_cell",
]

[[package]]
name = "indenter"
version = "0.3.4"
source = "registry+https://github.com/rust-lang/crates.io-index"
checksum = "964de6e86d545b246d84badc0fef527924ace5134f30641c203ef52ba83f58d5"

[[package]]
name = "libc"
version = "0.2.180"
source = "registry+https://github.com/rust-lang/crates.io-index"
checksum = "bcc35a38544a891a5f7c865aca548a982ccb3b8650a5b06d0fd33a10283c56fc"

[[package]]
name = "memmap2"
version = "0.9.9"
source = "registry+https://github.com/rust-lang/crates.io-index"
checksum = "744133e4a0e0a658e1374cf3bf8e415c4052a15a111acd372764c55b4177d490"
dependencies = [
 "libc",
]

[[package]]
name = "nix"
version = "0.30.1"
source = "registry+https://github.com/rust-lang/crates.io-index"
checksum = "74523f3a35e05aba87a1d978330aef40f67b0304ac79c1c00b294c9830543db6"
dependencies = [
 "bitflags",
 "cfg-if",
 "cfg_aliases",
 "libc",
]

[[package]]
name = "once_cell"
version = "1.21.3"
source = "registry+https://github.com/rust-lang/crates.io-index"
checksum = "42f5e15c9953c5e4ccceeb2e7382a716482c34515315f7b03532b8b4e8393d2d"

[[package]]
name = "sdk"
version = "0.1.0"
dependencies = [
 "eyre",
 "memmap2",
 "nix",
]
